{
  "name": "dates-in-month",
  "version": "1.1.0",
  "lockfileVersion": 1,
  "requires": true,
  "dependencies": {
    "days-in-month": {
      "version": "0.1.0",
      "resolved": "https://registry.npmjs.org/days-in-month/-/days-in-month-0.1.0.tgz",
      "integrity": "sha1-A6tK9UINaZqfXE7h3oXt1aaGFHM="
    }
  }
}
